// !$*UTF8*$!
{
	archiveVersion = 1;
	classes = {
	};
	objectVersion = 55;
	objects = {

/* Begin PBXBuildFile section */
		520A1E592BCF294000BD60A8 /* InitialisationUITests.swift in Sources */ = {isa = PBXBuildFile; fileRef = 520A1E572BCF294000BD60A8 /* InitialisationUITests.swift */; };
		520A1E5A2BCF294000BD60A8 /* LocalDestinationUITests.swift in Sources */ = {isa = PBXBuildFile; fileRef = 520A1E582BCF294000BD60A8 /* LocalDestinationUITests.swift */; };
		520A1E5D2BCF347900BD60A8 /* TrafficLight.swift in Sources */ = {isa = PBXBuildFile; fileRef = 520A1E5B2BCF347200BD60A8 /* TrafficLight.swift */; };
		520A1E5E2BCF347A00BD60A8 /* TrafficLight.swift in Sources */ = {isa = PBXBuildFile; fileRef = 520A1E5B2BCF347200BD60A8 /* TrafficLight.swift */; };
		520A1E5F2BCF347A00BD60A8 /* TrafficLight.swift in Sources */ = {isa = PBXBuildFile; fileRef = 520A1E5B2BCF347200BD60A8 /* TrafficLight.swift */; };
		5252ED502C510686004CB25A /* NavigationBackport in Frameworks */ = {isa = PBXBuildFile; productRef = 5252ED4F2C510686004CB25A /* NavigationBackport */; };
		52925EBF28549A62001B9190 /* NavigationBackportApp.swift in Sources */ = {isa = PBXBuildFile; fileRef = 52925EAF28549A60001B9190 /* NavigationBackportApp.swift */; };
		52925EC028549A62001B9190 /* NavigationBackportApp.swift in Sources */ = {isa = PBXBuildFile; fileRef = 52925EAF28549A60001B9190 /* NavigationBackportApp.swift */; };
		52925EC128549A62001B9190 /* ContentView.swift in Sources */ = {isa = PBXBuildFile; fileRef = 52925EB028549A60001B9190 /* ContentView.swift */; };
		52925EC228549A62001B9190 /* ContentView.swift in Sources */ = {isa = PBXBuildFile; fileRef = 52925EB028549A60001B9190 /* ContentView.swift */; };
		52925EC328549A62001B9190 /* Assets.xcassets in Resources */ = {isa = PBXBuildFile; fileRef = 52925EB128549A62001B9190 /* Assets.xcassets */; };
		52925EC428549A62001B9190 /* Assets.xcassets in Resources */ = {isa = PBXBuildFile; fileRef = 52925EB128549A62001B9190 /* Assets.xcassets */; };
		529673CE286BB44400C01BCF /* NBNavigationPathView.swift in Sources */ = {isa = PBXBuildFile; fileRef = 529673CD286BB44400C01BCF /* NBNavigationPathView.swift */; };
		529673CF286BB44400C01BCF /* NBNavigationPathView.swift in Sources */ = {isa = PBXBuildFile; fileRef = 529673CD286BB44400C01BCF /* NBNavigationPathView.swift */; };
		529673D1286BB50200C01BCF /* ArrayBindingView.swift in Sources */ = {isa = PBXBuildFile; fileRef = 529673D0286BB50200C01BCF /* ArrayBindingView.swift */; };
		529673D2286BB50200C01BCF /* ArrayBindingView.swift in Sources */ = {isa = PBXBuildFile; fileRef = 529673D0286BB50200C01BCF /* ArrayBindingView.swift */; };
		529673D4286BC48600C01BCF /* NoBindingView.swift in Sources */ = {isa = PBXBuildFile; fileRef = 529673D3286BC48600C01BCF /* NoBindingView.swift */; };
		529673D5286BC48600C01BCF /* NoBindingView.swift in Sources */ = {isa = PBXBuildFile; fileRef = 529673D3286BC48600C01BCF /* NoBindingView.swift */; };
		529B5DBF2A40F33E006C6779 /* NavigationBackportWatchApp Watch App.app in Embed Watch Content */ = {isa = PBXBuildFile; fileRef = 529B5DBE2A40F33E006C6779 /* NavigationBackportWatchApp Watch App.app */; settings = {ATTRIBUTES = (RemoveHeadersOnCopy, ); }; };
		529B5DC82A40F340006C6779 /* Assets.xcassets in Resources */ = {isa = PBXBuildFile; fileRef = 529B5DC72A40F340006C6779 /* Assets.xcassets */; };
		529B5DCB2A40F340006C6779 /* Preview Assets.xcassets in Resources */ = {isa = PBXBuildFile; fileRef = 529B5DCA2A40F340006C6779 /* Preview Assets.xcassets */; };
		529B5DD32A40F37E006C6779 /* NBNavigationPathView.swift in Sources */ = {isa = PBXBuildFile; fileRef = 529673CD286BB44400C01BCF /* NBNavigationPathView.swift */; };
		529B5DD42A40F37E006C6779 /* NoBindingView.swift in Sources */ = {isa = PBXBuildFile; fileRef = 529673D3286BC48600C01BCF /* NoBindingView.swift */; };
		529B5DD52A40F37E006C6779 /* ContentView.swift in Sources */ = {isa = PBXBuildFile; fileRef = 52925EB028549A60001B9190 /* ContentView.swift */; };
		529B5DD62A40F37E006C6779 /* NavigationBackportApp.swift in Sources */ = {isa = PBXBuildFile; fileRef = 52925EAF28549A60001B9190 /* NavigationBackportApp.swift */; };
		529B5DD72A40F37E006C6779 /* ArrayBindingView.swift in Sources */ = {isa = PBXBuildFile; fileRef = 529673D0286BB50200C01BCF /* ArrayBindingView.swift */; };
		529B5DD92A40F3BD006C6779 /* NavigationBackport in Frameworks */ = {isa = PBXBuildFile; productRef = 529B5DD82A40F3BD006C6779 /* NavigationBackport */; };
		529DD2812CB7D7E6002AA978 /* LeakUITests.swift in Sources */ = {isa = PBXBuildFile; fileRef = 529DD2802CB7D7E6002AA978 /* LeakUITests.swift */; };
		52B3F1622A01BE4200EC5EA9 /* NavigationUITests.swift in Sources */ = {isa = PBXBuildFile; fileRef = 52B3F1612A01BE4200EC5EA9 /* NavigationUITests.swift */; };
		52D540FE2CA602320077D871 /* LeakTestView.swift in Sources */ = {isa = PBXBuildFile; fileRef = 52D540F52CA602320077D871 /* LeakTestView.swift */; };
		52D540FF2CA602320077D871 /* MainView.swift in Sources */ = {isa = PBXBuildFile; fileRef = 52D540EC2CA602320077D871 /* MainView.swift */; };
		52D541012CA602320077D871 /* Presentable.swift in Sources */ = {isa = PBXBuildFile; fileRef = 52D540F72CA602320077D871 /* Presentable.swift */; };
		52D541072CA602320077D871 /* LeakTestView.swift in Sources */ = {isa = PBXBuildFile; fileRef = 52D540F52CA602320077D871 /* LeakTestView.swift */; };
		52D541082CA602320077D871 /* MainView.swift in Sources */ = {isa = PBXBuildFile; fileRef = 52D540EC2CA602320077D871 /* MainView.swift */; };
		52D5410A2CA602320077D871 /* Presentable.swift in Sources */ = {isa = PBXBuildFile; fileRef = 52D540F72CA602320077D871 /* Presentable.swift */; };
		52D541102CA602320077D871 /* LeakTestView.swift in Sources */ = {isa = PBXBuildFile; fileRef = 52D540F52CA602320077D871 /* LeakTestView.swift */; };
		52D541112CA602320077D871 /* MainView.swift in Sources */ = {isa = PBXBuildFile; fileRef = 52D540EC2CA602320077D871 /* MainView.swift */; };
		52D541132CA602320077D871 /* Presentable.swift in Sources */ = {isa = PBXBuildFile; fileRef = 52D540F72CA602320077D871 /* Presentable.swift */; };
		52DD85F82895C984004B5344 /* NavigationBackport in Frameworks */ = {isa = PBXBuildFile; productRef = 52DD85F72895C984004B5344 /* NavigationBackport */; };
		52E0D8A22A45002D008963E7 /* ProcessArguments.swift in Sources */ = {isa = PBXBuildFile; fileRef = 52E0D8A12A45002D008963E7 /* ProcessArguments.swift */; };
		52E0D8A32A45002D008963E7 /* ProcessArguments.swift in Sources */ = {isa = PBXBuildFile; fileRef = 52E0D8A12A45002D008963E7 /* ProcessArguments.swift */; };
		52E0D8A42A45002D008963E7 /* ProcessArguments.swift in Sources */ = {isa = PBXBuildFile; fileRef = 52E0D8A12A45002D008963E7 /* ProcessArguments.swift */; };
/* End PBXBuildFile section */

/* Begin PBXContainerItemProxy section */
		529B5DC02A40F33E006C6779 /* PBXContainerItemProxy */ = {
			isa = PBXContainerItemProxy;
			containerPortal = 52925EAA28549A60001B9190 /* Project object */;
			proxyType = 1;
			remoteGlobalIDString = 529B5DBD2A40F33E006C6779;
			remoteInfo = "NavigationBackportWatchApp Watch App";
		};
		52B3F1652A01BE4200EC5EA9 /* PBXContainerItemProxy */ = {
			isa = PBXContainerItemProxy;
			containerPortal = 52925EAA28549A60001B9190 /* Project object */;
			proxyType = 1;
			remoteGlobalIDString = 52925EB528549A62001B9190;
			remoteInfo = "NavigationBackportApp (iOS)";
		};
/* End PBXContainerItemProxy section */

/* Begin PBXCopyFilesBuildPhase section */
		529B5DCE2A40F340006C6779 /* Embed Watch Content */ = {
			isa = PBXCopyFilesBuildPhase;
			buildActionMask = 2147483647;
			dstPath = "$(CONTENTS_FOLDER_PATH)/Watch";
			dstSubfolderSpec = 16;
			files = (
				529B5DBF2A40F33E006C6779 /* NavigationBackportWatchApp Watch App.app in Embed Watch Content */,
			);
			name = "Embed Watch Content";
			runOnlyForDeploymentPostprocessing = 0;
		};
/* End PBXCopyFilesBuildPhase section */

/* Begin PBXFileReference section */
		520A1E572BCF294000BD60A8 /* InitialisationUITests.swift */ = {isa = PBXFileReference; fileEncoding = 4; lastKnownFileType = sourcecode.swift; path = InitialisationUITests.swift; sourceTree = "<group>"; };
		520A1E582BCF294000BD60A8 /* LocalDestinationUITests.swift */ = {isa = PBXFileReference; fileEncoding = 4; lastKnownFileType = sourcecode.swift; path = LocalDestinationUITests.swift; sourceTree = "<group>"; };
		520A1E5B2BCF347200BD60A8 /* TrafficLight.swift */ = {isa = PBXFileReference; lastKnownFileType = sourcecode.swift; path = TrafficLight.swift; sourceTree = "<group>"; };
		52925EAF28549A60001B9190 /* NavigationBackportApp.swift */ = {isa = PBXFileReference; lastKnownFileType = sourcecode.swift; path = NavigationBackportApp.swift; sourceTree = "<group>"; };
		52925EB028549A60001B9190 /* ContentView.swift */ = {isa = PBXFileReference; lastKnownFileType = sourcecode.swift; path = ContentView.swift; sourceTree = "<group>"; };
		52925EB128549A62001B9190 /* Assets.xcassets */ = {isa = PBXFileReference; lastKnownFileType = folder.assetcatalog; path = Assets.xcassets; sourceTree = "<group>"; };
		52925EB628549A62001B9190 /* NavigationBackportApp.app */ = {isa = PBXFileReference; explicitFileType = wrapper.application; includeInIndex = 0; path = NavigationBackportApp.app; sourceTree = BUILT_PRODUCTS_DIR; };
		52925EBC28549A62001B9190 /* NavigationBackportApp.app */ = {isa = PBXFileReference; explicitFileType = wrapper.application; includeInIndex = 0; path = NavigationBackportApp.app; sourceTree = BUILT_PRODUCTS_DIR; };
		52925EBE28549A62001B9190 /* macOS.entitlements */ = {isa = PBXFileReference; lastKnownFileType = text.plist.entitlements; path = macOS.entitlements; sourceTree = "<group>"; };
		52925ED128549C15001B9190 /* NavigationBackport */ = {isa = PBXFileReference; lastKnownFileType = wrapper; name = NavigationBackport; path = ..; sourceTree = "<group>"; };
		529673CD286BB44400C01BCF /* NBNavigationPathView.swift */ = {isa = PBXFileReference; lastKnownFileType = sourcecode.swift; path = NBNavigationPathView.swift; sourceTree = "<group>"; };
		529673D0286BB50200C01BCF /* ArrayBindingView.swift */ = {isa = PBXFileReference; fileEncoding = 4; lastKnownFileType = sourcecode.swift; path = ArrayBindingView.swift; sourceTree = "<group>"; };
		529673D3286BC48600C01BCF /* NoBindingView.swift */ = {isa = PBXFileReference; fileEncoding = 4; lastKnownFileType = sourcecode.swift; path = NoBindingView.swift; sourceTree = "<group>"; };
		529B5DB92A40F33E006C6779 /* NavigationBackportWatchApp.app */ = {isa = PBXFileReference; explicitFileType = wrapper.application; includeInIndex = 0; path = NavigationBackportWatchApp.app; sourceTree = BUILT_PRODUCTS_DIR; };
		529B5DBE2A40F33E006C6779 /* NavigationBackportWatchApp Watch App.app */ = {isa = PBXFileReference; explicitFileType = wrapper.application; includeInIndex = 0; path = "NavigationBackportWatchApp Watch App.app"; sourceTree = BUILT_PRODUCTS_DIR; };
		529B5DC72A40F340006C6779 /* Assets.xcassets */ = {isa = PBXFileReference; lastKnownFileType = folder.assetcatalog; path = Assets.xcassets; sourceTree = "<group>"; };
		529B5DCA2A40F340006C6779 /* Preview Assets.xcassets */ = {isa = PBXFileReference; lastKnownFileType = folder.assetcatalog; path = "Preview Assets.xcassets"; sourceTree = "<group>"; };
		529DD2802CB7D7E6002AA978 /* LeakUITests.swift */ = {isa = PBXFileReference; lastKnownFileType = sourcecode.swift; path = LeakUITests.swift; sourceTree = "<group>"; };
		52B3F15F2A01BE4200EC5EA9 /* NavigationBackportUITests.xctest */ = {isa = PBXFileReference; explicitFileType = wrapper.cfbundle; includeInIndex = 0; path = NavigationBackportUITests.xctest; sourceTree = BUILT_PRODUCTS_DIR; };
		52B3F1612A01BE4200EC5EA9 /* NavigationUITests.swift */ = {isa = PBXFileReference; lastKnownFileType = sourcecode.swift; path = NavigationUITests.swift; sourceTree = "<group>"; };
		52D540EC2CA602320077D871 /* MainView.swift */ = {isa = PBXFileReference; lastKnownFileType = sourcecode.swift; path = MainView.swift; sourceTree = "<group>"; };
		52D540F52CA602320077D871 /* LeakTestView.swift */ = {isa = PBXFileReference; lastKnownFileType = sourcecode.swift; path = LeakTestView.swift; sourceTree = "<group>"; };
		52D540F72CA602320077D871 /* Presentable.swift */ = {isa = PBXFileReference; lastKnownFileType = sourcecode.swift; path = Presentable.swift; sourceTree = "<group>"; };
		52E0D8A12A45002D008963E7 /* ProcessArguments.swift */ = {isa = PBXFileReference; lastKnownFileType = sourcecode.swift; path = ProcessArguments.swift; sourceTree = "<group>"; };
/* End PBXFileReference section */

/* Begin PBXFrameworksBuildPhase section */
		52925EB328549A62001B9190 /* Frameworks */ = {
			isa = PBXFrameworksBuildPhase;
			buildActionMask = 2147483647;
			files = (
				5252ED502C510686004CB25A /* NavigationBackport in Frameworks */,
			);
			runOnlyForDeploymentPostprocessing = 0;
		};
		52925EB928549A62001B9190 /* Frameworks */ = {
			isa = PBXFrameworksBuildPhase;
			buildActionMask = 2147483647;
			files = (
				52DD85F82895C984004B5344 /* NavigationBackport in Frameworks */,
			);
			runOnlyForDeploymentPostprocessing = 0;
		};
		529B5DBB2A40F33E006C6779 /* Frameworks */ = {
			isa = PBXFrameworksBuildPhase;
			buildActionMask = 2147483647;
			files = (
				529B5DD92A40F3BD006C6779 /* NavigationBackport in Frameworks */,
			);
			runOnlyForDeploymentPostprocessing = 0;
		};
		52B3F15C2A01BE4200EC5EA9 /* Frameworks */ = {
			isa = PBXFrameworksBuildPhase;
			buildActionMask = 2147483647;
			files = (
			);
			runOnlyForDeploymentPostprocessing = 0;
		};
/* End PBXFrameworksBuildPhase section */

/* Begin PBXGroup section */
		52925EA928549A60001B9190 = {
			isa = PBXGroup;
			children = (
				52925ED028549C15001B9190 /* Packages */,
				52925EAE28549A60001B9190 /* Shared */,
				52925EBD28549A62001B9190 /* macOS */,
				52B3F1602A01BE4200EC5EA9 /* NavigationBackportUITests */,
				529B5DC22A40F33E006C6779 /* NavigationBackportWatchApp Watch App */,
				52925EB728549A62001B9190 /* Products */,
				52DD85F62895C984004B5344 /* Frameworks */,
			);
			sourceTree = "<group>";
		};
		52925EAE28549A60001B9190 /* Shared */ = {
			isa = PBXGroup;
			children = (
				52D540F82CA602320077D871 /* LeakTest */,
				52925EAF28549A60001B9190 /* NavigationBackportApp.swift */,
				520A1E5B2BCF347200BD60A8 /* TrafficLight.swift */,
				52E0D8A12A45002D008963E7 /* ProcessArguments.swift */,
				52925EB028549A60001B9190 /* ContentView.swift */,
				529673D0286BB50200C01BCF /* ArrayBindingView.swift */,
				529673D3286BC48600C01BCF /* NoBindingView.swift */,
				529673CD286BB44400C01BCF /* NBNavigationPathView.swift */,
				52925EB128549A62001B9190 /* Assets.xcassets */,
			);
			path = Shared;
			sourceTree = "<group>";
		};
		52925EB728549A62001B9190 /* Products */ = {
			isa = PBXGroup;
			children = (
				52925EB628549A62001B9190 /* NavigationBackportApp.app */,
				52925EBC28549A62001B9190 /* NavigationBackportApp.app */,
				52B3F15F2A01BE4200EC5EA9 /* NavigationBackportUITests.xctest */,
				529B5DB92A40F33E006C6779 /* NavigationBackportWatchApp.app */,
				529B5DBE2A40F33E006C6779 /* NavigationBackportWatchApp Watch App.app */,
			);
			name = Products;
			sourceTree = "<group>";
		};
		52925EBD28549A62001B9190 /* macOS */ = {
			isa = PBXGroup;
			children = (
				52925EBE28549A62001B9190 /* macOS.entitlements */,
			);
			path = macOS;
			sourceTree = "<group>";
		};
		52925ED028549C15001B9190 /* Packages */ = {
			isa = PBXGroup;
			children = (
				52925ED128549C15001B9190 /* NavigationBackport */,
			);
			name = Packages;
			sourceTree = "<group>";
		};
		529B5DC22A40F33E006C6779 /* NavigationBackportWatchApp Watch App */ = {
			isa = PBXGroup;
			children = (
				529B5DC72A40F340006C6779 /* Assets.xcassets */,
				529B5DC92A40F340006C6779 /* Preview Content */,
			);
			path = "NavigationBackportWatchApp Watch App";
			sourceTree = "<group>";
		};
		529B5DC92A40F340006C6779 /* Preview Content */ = {
			isa = PBXGroup;
			children = (
				529B5DCA2A40F340006C6779 /* Preview Assets.xcassets */,
			);
			path = "Preview Content";
			sourceTree = "<group>";
		};
		52B3F1602A01BE4200EC5EA9 /* NavigationBackportUITests */ = {
			isa = PBXGroup;
			children = (
				529DD2802CB7D7E6002AA978 /* LeakUITests.swift */,
				520A1E572BCF294000BD60A8 /* InitialisationUITests.swift */,
				520A1E582BCF294000BD60A8 /* LocalDestinationUITests.swift */,
				52B3F1612A01BE4200EC5EA9 /* NavigationUITests.swift */,
			);
			path = NavigationBackportUITests;
			sourceTree = "<group>";
		};
		52D540F82CA602320077D871 /* LeakTest */ = {
			isa = PBXGroup;
			children = (
				52D540EC2CA602320077D871 /* MainView.swift */,
				52D540F52CA602320077D871 /* LeakTestView.swift */,
				52D540F72CA602320077D871 /* Presentable.swift */,
			);
			path = LeakTest;
			sourceTree = "<group>";
		};
		52DD85F62895C984004B5344 /* Frameworks */ = {
			isa = PBXGroup;
			children = (
			);
			name = Frameworks;
			sourceTree = "<group>";
		};
/* End PBXGroup section */

/* Begin PBXNativeTarget section */
		52925EB528549A62001B9190 /* NavigationBackportApp (iOS) */ = {
			isa = PBXNativeTarget;
			buildConfigurationList = 52925EC728549A62001B9190 /* Build configuration list for PBXNativeTarget "NavigationBackportApp (iOS)" */;
			buildPhases = (
				52925EB228549A62001B9190 /* Sources */,
				52925EB328549A62001B9190 /* Frameworks */,
				52925EB428549A62001B9190 /* Resources */,
			);
			buildRules = (
			);
			dependencies = (
			);
			name = "NavigationBackportApp (iOS)";
			packageProductDependencies = (
				5252ED4F2C510686004CB25A /* NavigationBackport */,
			);
			productName = "NavigationBackportApp (iOS)";
			productReference = 52925EB628549A62001B9190 /* NavigationBackportApp.app */;
			productType = "com.apple.product-type.application";
		};
		52925EBB28549A62001B9190 /* NavigationBackportApp (macOS) */ = {
			isa = PBXNativeTarget;
			buildConfigurationList = 52925ECA28549A62001B9190 /* Build configuration list for PBXNativeTarget "NavigationBackportApp (macOS)" */;
			buildPhases = (
				52925EB828549A62001B9190 /* Sources */,
				52925EB928549A62001B9190 /* Frameworks */,
				52925EBA28549A62001B9190 /* Resources */,
			);
			buildRules = (
			);
			dependencies = (
			);
			name = "NavigationBackportApp (macOS)";
			packageProductDependencies = (
				52DD85F72895C984004B5344 /* NavigationBackport */,
			);
			productName = "NavigationBackportApp (macOS)";
			productReference = 52925EBC28549A62001B9190 /* NavigationBackportApp.app */;
			productType = "com.apple.product-type.application";
		};
		529B5DB82A40F33E006C6779 /* NavigationBackportWatchApp */ = {
			isa = PBXNativeTarget;
			buildConfigurationList = 529B5DD22A40F340006C6779 /* Build configuration list for PBXNativeTarget "NavigationBackportWatchApp" */;
			buildPhases = (
				529B5DB72A40F33E006C6779 /* Resources */,
				529B5DCE2A40F340006C6779 /* Embed Watch Content */,
			);
			buildRules = (
			);
			dependencies = (
				529B5DC12A40F33E006C6779 /* PBXTargetDependency */,
			);
			name = NavigationBackportWatchApp;
			productName = NavigationBackportWatchApp;
			productReference = 529B5DB92A40F33E006C6779 /* NavigationBackportWatchApp.app */;
			productType = "com.apple.product-type.application.watchapp2-container";
		};
		529B5DBD2A40F33E006C6779 /* NavigationBackportWatchApp Watch App */ = {
			isa = PBXNativeTarget;
			buildConfigurationList = 529B5DD12A40F340006C6779 /* Build configuration list for PBXNativeTarget "NavigationBackportWatchApp Watch App" */;
			buildPhases = (
				529B5DBA2A40F33E006C6779 /* Sources */,
				529B5DBB2A40F33E006C6779 /* Frameworks */,
				529B5DBC2A40F33E006C6779 /* Resources */,
			);
			buildRules = (
			);
			dependencies = (
			);
			name = "NavigationBackportWatchApp Watch App";
			packageProductDependencies = (
				529B5DD82A40F3BD006C6779 /* NavigationBackport */,
			);
			productName = "NavigationBackportWatchApp Watch App";
			productReference = 529B5DBE2A40F33E006C6779 /* NavigationBackportWatchApp Watch App.app */;
			productType = "com.apple.product-type.application";
		};
		52B3F15E2A01BE4200EC5EA9 /* NavigationBackportUITests */ = {
			isa = PBXNativeTarget;
			buildConfigurationList = 52B3F1692A01BE4200EC5EA9 /* Build configuration list for PBXNativeTarget "NavigationBackportUITests" */;
			buildPhases = (
				52B3F15B2A01BE4200EC5EA9 /* Sources */,
				52B3F15C2A01BE4200EC5EA9 /* Frameworks */,
				52B3F15D2A01BE4200EC5EA9 /* Resources */,
			);
			buildRules = (
			);
			dependencies = (
				52B3F1662A01BE4200EC5EA9 /* PBXTargetDependency */,
			);
			name = NavigationBackportUITests;
			productName = NavigationBackportUITests;
			productReference = 52B3F15F2A01BE4200EC5EA9 /* NavigationBackportUITests.xctest */;
			productType = "com.apple.product-type.bundle.ui-testing";
		};
/* End PBXNativeTarget section */

/* Begin PBXProject section */
		52925EAA28549A60001B9190 /* Project object */ = {
			isa = PBXProject;
			attributes = {
				BuildIndependentTargetsInParallel = 1;
				LastSwiftUpdateCheck = 1430;
				LastUpgradeCheck = 1420;
				TargetAttributes = {
					52925EB528549A62001B9190 = {
						CreatedOnToolsVersion = 13.4.1;
					};
					52925EBB28549A62001B9190 = {
						CreatedOnToolsVersion = 13.4.1;
					};
					529B5DB82A40F33E006C6779 = {
						CreatedOnToolsVersion = 14.3.1;
					};
					529B5DBD2A40F33E006C6779 = {
						CreatedOnToolsVersion = 14.3.1;
					};
					52B3F15E2A01BE4200EC5EA9 = {
						CreatedOnToolsVersion = 14.2;
						TestTargetID = 52925EB528549A62001B9190;
					};
				};
			};
			buildConfigurationList = 52925EAD28549A60001B9190 /* Build configuration list for PBXProject "NavigationBackportApp" */;
			compatibilityVersion = "Xcode 13.0";
			developmentRegion = en;
			hasScannedForEncodings = 0;
			knownRegions = (
				en,
				Base,
			);
			mainGroup = 52925EA928549A60001B9190;
			packageReferences = (
			);
			productRefGroup = 52925EB728549A62001B9190 /* Products */;
			projectDirPath = "";
			projectRoot = "";
			targets = (
				52925EB528549A62001B9190 /* NavigationBackportApp (iOS) */,
				52925EBB28549A62001B9190 /* NavigationBackportApp (macOS) */,
				52B3F15E2A01BE4200EC5EA9 /* NavigationBackportUITests */,
				529B5DB82A40F33E006C6779 /* NavigationBackportWatchApp */,
				529B5DBD2A40F33E006C6779 /* NavigationBackportWatchApp Watch App */,
			);
		};
/* End PBXProject section */

/* Begin PBXResourcesBuildPhase section */
		52925EB428549A62001B9190 /* Resources */ = {
			isa = PBXResourcesBuildPhase;
			buildActionMask = 2147483647;
			files = (
				52925EC328549A62001B9190 /* Assets.xcassets in Resources */,
			);
			runOnlyForDeploymentPostprocessing = 0;
		};
		52925EBA28549A62001B9190 /* Resources */ = {
			isa = PBXResourcesBuildPhase;
			buildActionMask = 2147483647;
			files = (
				52925EC428549A62001B9190 /* Assets.xcassets in Resources */,
			);
			runOnlyForDeploymentPostprocessing = 0;
		};
		529B5DB72A40F33E006C6779 /* Resources */ = {
			isa = PBXResourcesBuildPhase;
			buildActionMask = 2147483647;
			files = (
			);
			runOnlyForDeploymentPostprocessing = 0;
		};
		529B5DBC2A40F33E006C6779 /* Resources */ = {
			isa = PBXResourcesBuildPhase;
			buildActionMask = 2147483647;
			files = (
				529B5DCB2A40F340006C6779 /* Preview Assets.xcassets in Resources */,
				529B5DC82A40F340006C6779 /* Assets.xcassets in Resources */,
			);
			runOnlyForDeploymentPostprocessing = 0;
		};
		52B3F15D2A01BE4200EC5EA9 /* Resources */ = {
			isa = PBXResourcesBuildPhase;
			buildActionMask = 2147483647;
			files = (
			);
			runOnlyForDeploymentPostprocessing = 0;
		};
/* End PBXResourcesBuildPhase section */

/* Begin PBXSourcesBuildPhase section */
		52925EB228549A62001B9190 /* Sources */ = {
			isa = PBXSourcesBuildPhase;
			buildActionMask = 2147483647;
			files = (
				520A1E5F2BCF347A00BD60A8 /* TrafficLight.swift in Sources */,
				52E0D8A22A45002D008963E7 /* ProcessArguments.swift in Sources */,
				529673CE286BB44400C01BCF /* NBNavigationPathView.swift in Sources */,
				529673D1286BB50200C01BCF /* ArrayBindingView.swift in Sources */,
				529673D4286BC48600C01BCF /* NoBindingView.swift in Sources */,
				52925EC128549A62001B9190 /* ContentView.swift in Sources */,
				52925EBF28549A62001B9190 /* NavigationBackportApp.swift in Sources */,
				52D540FE2CA602320077D871 /* LeakTestView.swift in Sources */,
				52D540FF2CA602320077D871 /* MainView.swift in Sources */,
				52D541012CA602320077D871 /* Presentable.swift in Sources */,
			);
			runOnlyForDeploymentPostprocessing = 0;
		};
		52925EB828549A62001B9190 /* Sources */ = {
			isa = PBXSourcesBuildPhase;
			buildActionMask = 2147483647;
			files = (
				520A1E5E2BCF347A00BD60A8 /* TrafficLight.swift in Sources */,
				52E0D8A32A45002D008963E7 /* ProcessArguments.swift in Sources */,
				529673CF286BB44400C01BCF /* NBNavigationPathView.swift in Sources */,
				529673D2286BB50200C01BCF /* ArrayBindingView.swift in Sources */,
				529673D5286BC48600C01BCF /* NoBindingView.swift in Sources */,
				52925EC228549A62001B9190 /* ContentView.swift in Sources */,
				52925EC028549A62001B9190 /* NavigationBackportApp.swift in Sources */,
				52D541072CA602320077D871 /* LeakTestView.swift in Sources */,
				52D541082CA602320077D871 /* MainView.swift in Sources */,
				52D5410A2CA602320077D871 /* Presentable.swift in Sources */,
			);
			runOnlyForDeploymentPostprocessing = 0;
		};
		529B5DBA2A40F33E006C6779 /* Sources */ = {
			isa = PBXSourcesBuildPhase;
			buildActionMask = 2147483647;
			files = (
				520A1E5D2BCF347900BD60A8 /* TrafficLight.swift in Sources */,
				52E0D8A42A45002D008963E7 /* ProcessArguments.swift in Sources */,
				529B5DD32A40F37E006C6779 /* NBNavigationPathView.swift in Sources */,
				529B5DD62A40F37E006C6779 /* NavigationBackportApp.swift in Sources */,
				529B5DD52A40F37E006C6779 /* ContentView.swift in Sources */,
				529B5DD72A40F37E006C6779 /* ArrayBindingView.swift in Sources */,
				529B5DD42A40F37E006C6779 /* NoBindingView.swift in Sources */,
				52D541102CA602320077D871 /* LeakTestView.swift in Sources */,
				52D541112CA602320077D871 /* MainView.swift in Sources */,
				52D541132CA602320077D871 /* Presentable.swift in Sources */,
			);
			runOnlyForDeploymentPostprocessing = 0;
		};
		52B3F15B2A01BE4200EC5EA9 /* Sources */ = {
			isa = PBXSourcesBuildPhase;
			buildActionMask = 2147483647;
			files = (
				52B3F1622A01BE4200EC5EA9 /* NavigationUITests.swift in Sources */,
				520A1E592BCF294000BD60A8 /* InitialisationUITests.swift in Sources */,
				529DD2812CB7D7E6002AA978 /* LeakUITests.swift in Sources */,
				520A1E5A2BCF294000BD60A8 /* LocalDestinationUITests.swift in Sources */,
			);
			runOnlyForDeploymentPostprocessing = 0;
		};
/* End PBXSourcesBuildPhase section */

/* Begin PBXTargetDependency section */
		529B5DC12A40F33E006C6779 /* PBXTargetDependency */ = {
			isa = PBXTargetDependency;
			target = 529B5DBD2A40F33E006C6779 /* NavigationBackportWatchApp Watch App */;
			targetProxy = 529B5DC02A40F33E006C6779 /* PBXContainerItemProxy */;
		};
		52B3F1662A01BE4200EC5EA9 /* PBXTargetDependency */ = {
			isa = PBXTargetDependency;
			target = 52925EB528549A62001B9190 /* NavigationBackportApp (iOS) */;
			targetProxy = 52B3F1652A01BE4200EC5EA9 /* PBXContainerItemProxy */;
		};
/* End PBXTargetDependency section */

/* Begin XCBuildConfiguration section */
		52925EC528549A62001B9190 /* Debug */ = {
			isa = XCBuildConfiguration;
			buildSettings = {
				ALWAYS_SEARCH_USER_PATHS = NO;
				CLANG_ANALYZER_NONNULL = YES;
				CLANG_ANALYZER_NUMBER_OBJECT_CONVERSION = YES_AGGRESSIVE;
				CLANG_CXX_LANGUAGE_STANDARD = "gnu++17";
				CLANG_ENABLE_MODULES = YES;
				CLANG_ENABLE_OBJC_ARC = YES;
				CLANG_ENABLE_OBJC_WEAK = YES;
				CLANG_WARN_BLOCK_CAPTURE_AUTORELEASING = YES;
				CLANG_WARN_BOOL_CONVERSION = YES;
				CLANG_WARN_COMMA = YES;
				CLANG_WARN_CONSTANT_CONVERSION = YES;
				CLANG_WARN_DEPRECATED_OBJC_IMPLEMENTATIONS = YES;
				CLANG_WARN_DIRECT_OBJC_ISA_USAGE = YES_ERROR;
				CLANG_WARN_DOCUMENTATION_COMMENTS = YES;
				CLANG_WARN_EMPTY_BODY = YES;
				CLANG_WARN_ENUM_CONVERSION = YES;
				CLANG_WARN_INFINITE_RECURSION = YES;
				CLANG_WARN_INT_CONVERSION = YES;
				CLANG_WARN_NON_LITERAL_NULL_CONVERSION = YES;
				CLANG_WARN_OBJC_IMPLICIT_RETAIN_SELF = YES;
				CLANG_WARN_OBJC_LITERAL_CONVERSION = YES;
				CLANG_WARN_OBJC_ROOT_CLASS = YES_ERROR;
				CLANG_WARN_QUOTED_INCLUDE_IN_FRAMEWORK_HEADER = YES;
				CLANG_WARN_RANGE_LOOP_ANALYSIS = YES;
				CLANG_WARN_STRICT_PROTOTYPES = YES;
				CLANG_WARN_SUSPICIOUS_MOVE = YES;
				CLANG_WARN_UNGUARDED_AVAILABILITY = YES_AGGRESSIVE;
				CLANG_WARN_UNREACHABLE_CODE = YES;
				CLANG_WARN__DUPLICATE_METHOD_MATCH = YES;
				COPY_PHASE_STRIP = NO;
				DEAD_CODE_STRIPPING = YES;
				DEBUG_INFORMATION_FORMAT = dwarf;
				ENABLE_STRICT_OBJC_MSGSEND = YES;
				ENABLE_TESTABILITY = YES;
				GCC_C_LANGUAGE_STANDARD = gnu11;
				GCC_DYNAMIC_NO_PIC = NO;
				GCC_NO_COMMON_BLOCKS = YES;
				GCC_OPTIMIZATION_LEVEL = 0;
				GCC_PREPROCESSOR_DEFINITIONS = (
					"DEBUG=1",
					"$(inherited)",
				);
				GCC_WARN_64_TO_32_BIT_CONVERSION = YES;
				GCC_WARN_ABOUT_RETURN_TYPE = YES_ERROR;
				GCC_WARN_UNDECLARED_SELECTOR = YES;
				GCC_WARN_UNINITIALIZED_AUTOS = YES_AGGRESSIVE;
				GCC_WARN_UNUSED_FUNCTION = YES;
				GCC_WARN_UNUSED_VARIABLE = YES;
				IPHONEOS_DEPLOYMENT_TARGET = 14.0;
				MTL_ENABLE_DEBUG_INFO = INCLUDE_SOURCE;
				MTL_FAST_MATH = YES;
				ONLY_ACTIVE_ARCH = YES;
				SWIFT_ACTIVE_COMPILATION_CONDITIONS = DEBUG;
				SWIFT_OPTIMIZATION_LEVEL = "-Onone";
			};
			name = Debug;
		};
		52925EC628549A62001B9190 /* Release */ = {
			isa = XCBuildConfiguration;
			buildSettings = {
				ALWAYS_SEARCH_USER_PATHS = NO;
				CLANG_ANALYZER_NONNULL = YES;
				CLANG_ANALYZER_NUMBER_OBJECT_CONVERSION = YES_AGGRESSIVE;
				CLANG_CXX_LANGUAGE_STANDARD = "gnu++17";
				CLANG_ENABLE_MODULES = YES;
				CLANG_ENABLE_OBJC_ARC = YES;
				CLANG_ENABLE_OBJC_WEAK = YES;
				CLANG_WARN_BLOCK_CAPTURE_AUTORELEASING = YES;
				CLANG_WARN_BOOL_CONVERSION = YES;
				CLANG_WARN_COMMA = YES;
				CLANG_WARN_CONSTANT_CONVERSION = YES;
				CLANG_WARN_DEPRECATED_OBJC_IMPLEMENTATIONS = YES;
				CLANG_WARN_DIRECT_OBJC_ISA_USAGE = YES_ERROR;
				CLANG_WARN_DOCUMENTATION_COMMENTS = YES;
				CLANG_WARN_EMPTY_BODY = YES;
				CLANG_WARN_ENUM_CONVERSION = YES;
				CLANG_WARN_INFINITE_RECURSION = YES;
				CLANG_WARN_INT_CONVERSION = YES;
				CLANG_WARN_NON_LITERAL_NULL_CONVERSION = YES;
				CLANG_WARN_OBJC_IMPLICIT_RETAIN_SELF = YES;
				CLANG_WARN_OBJC_LITERAL_CONVERSION = YES;
				CLANG_WARN_OBJC_ROOT_CLASS = YES_ERROR;
				CLANG_WARN_QUOTED_INCLUDE_IN_FRAMEWORK_HEADER = YES;
				CLANG_WARN_RANGE_LOOP_ANALYSIS = YES;
				CLANG_WARN_STRICT_PROTOTYPES = YES;
				CLANG_WARN_SUSPICIOUS_MOVE = YES;
				CLANG_WARN_UNGUARDED_AVAILABILITY = YES_AGGRESSIVE;
				CLANG_WARN_UNREACHABLE_CODE = YES;
				CLANG_WARN__DUPLICATE_METHOD_MATCH = YES;
				COPY_PHASE_STRIP = NO;
				DEAD_CODE_STRIPPING = YES;
				DEBUG_INFORMATION_FORMAT = "dwarf-with-dsym";
				ENABLE_NS_ASSERTIONS = NO;
				ENABLE_STRICT_OBJC_MSGSEND = YES;
				GCC_C_LANGUAGE_STANDARD = gnu11;
				GCC_NO_COMMON_BLOCKS = YES;
				GCC_WARN_64_TO_32_BIT_CONVERSION = YES;
				GCC_WARN_ABOUT_RETURN_TYPE = YES_ERROR;
				GCC_WARN_UNDECLARED_SELECTOR = YES;
				GCC_WARN_UNINITIALIZED_AUTOS = YES_AGGRESSIVE;
				GCC_WARN_UNUSED_FUNCTION = YES;
				GCC_WARN_UNUSED_VARIABLE = YES;
				IPHONEOS_DEPLOYMENT_TARGET = 14.0;
				MTL_ENABLE_DEBUG_INFO = NO;
				MTL_FAST_MATH = YES;
				SWIFT_COMPILATION_MODE = wholemodule;
				SWIFT_OPTIMIZATION_LEVEL = "-O";
			};
			name = Release;
		};
		52925EC828549A62001B9190 /* Debug */ = {
			isa = XCBuildConfiguration;
			buildSettings = {
				ASSETCATALOG_COMPILER_APPICON_NAME = AppIcon;
				ASSETCATALOG_COMPILER_GLOBAL_ACCENT_COLOR_NAME = AccentColor;
				CODE_SIGN_STYLE = Automatic;
				CURRENT_PROJECT_VERSION = 1;
				DEVELOPMENT_TEAM = "";
				ENABLE_PREVIEWS = YES;
				GENERATE_INFOPLIST_FILE = YES;
				INFOPLIST_KEY_UIApplicationSceneManifest_Generation = YES;
				INFOPLIST_KEY_UIApplicationSupportsIndirectInputEvents = YES;
				INFOPLIST_KEY_UILaunchScreen_Generation = YES;
				INFOPLIST_KEY_UISupportedInterfaceOrientations_iPad = "UIInterfaceOrientationPortrait UIInterfaceOrientationPortraitUpsideDown UIInterfaceOrientationLandscapeLeft UIInterfaceOrientationLandscapeRight";
				INFOPLIST_KEY_UISupportedInterfaceOrientations_iPhone = "UIInterfaceOrientationPortrait UIInterfaceOrientationLandscapeLeft UIInterfaceOrientationLandscapeRight";
				IPHONEOS_DEPLOYMENT_TARGET = 14.0;
				LD_RUNPATH_SEARCH_PATHS = (
					"$(inherited)",
					"@executable_path/Frameworks",
				);
				MARKETING_VERSION = 1.0;
				PRODUCT_BUNDLE_IDENTIFIER = co.uk.johnpatrickmorgan.NavigationBackportApp;
				PRODUCT_NAME = NavigationBackportApp;
				SDKROOT = iphoneos;
				SUPPORTED_PLATFORMS = "appletvos appletvsimulator iphoneos iphonesimulator";
				SUPPORTS_MACCATALYST = NO;
				SUPPORTS_MAC_DESIGNED_FOR_IPHONE_IPAD = YES;
				SWIFT_EMIT_LOC_STRINGS = YES;
				SWIFT_VERSION = 5.0;
				TARGETED_DEVICE_FAMILY = "1,2,3";
				TVOS_DEPLOYMENT_TARGET = 14.0;
			};
			name = Debug;
		};
		52925EC928549A62001B9190 /* Release */ = {
			isa = XCBuildConfiguration;
			buildSettings = {
				ASSETCATALOG_COMPILER_APPICON_NAME = AppIcon;
				ASSETCATALOG_COMPILER_GLOBAL_ACCENT_COLOR_NAME = AccentColor;
				CODE_SIGN_STYLE = Automatic;
				CURRENT_PROJECT_VERSION = 1;
				DEVELOPMENT_TEAM = "";
				ENABLE_PREVIEWS = YES;
				GENERATE_INFOPLIST_FILE = YES;
				INFOPLIST_KEY_UIApplicationSceneManifest_Generation = YES;
				INFOPLIST_KEY_UIApplicationSupportsIndirectInputEvents = YES;
				INFOPLIST_KEY_UILaunchScreen_Generation = YES;
				INFOPLIST_KEY_UISupportedInterfaceOrientations_iPad = "UIInterfaceOrientationPortrait UIInterfaceOrientationPortraitUpsideDown UIInterfaceOrientationLandscapeLeft UIInterfaceOrientationLandscapeRight";
				INFOPLIST_KEY_UISupportedInterfaceOrientations_iPhone = "UIInterfaceOrientationPortrait UIInterfaceOrientationLandscapeLeft UIInterfaceOrientationLandscapeRight";
				IPHONEOS_DEPLOYMENT_TARGET = 14.0;
				LD_RUNPATH_SEARCH_PATHS = (
					"$(inherited)",
					"@executable_path/Frameworks",
				);
				MARKETING_VERSION = 1.0;
				PRODUCT_BUNDLE_IDENTIFIER = co.uk.johnpatrickmorgan.NavigationBackportApp;
				PRODUCT_NAME = NavigationBackportApp;
				SDKROOT = iphoneos;
				SUPPORTED_PLATFORMS = "appletvos appletvsimulator iphoneos iphonesimulator";
				SUPPORTS_MACCATALYST = NO;
				SUPPORTS_MAC_DESIGNED_FOR_IPHONE_IPAD = YES;
				SWIFT_EMIT_LOC_STRINGS = YES;
				SWIFT_VERSION = 5.0;
				TARGETED_DEVICE_FAMILY = "1,2,3";
				TVOS_DEPLOYMENT_TARGET = 14.0;
				VALIDATE_PRODUCT = YES;
			};
			name = Release;
		};
		52925ECB28549A62001B9190 /* Debug */ = {
			isa = XCBuildConfiguration;
			buildSettings = {
				ASSETCATALOG_COMPILER_APPICON_NAME = AppIcon;
				ASSETCATALOG_COMPILER_GLOBAL_ACCENT_COLOR_NAME = AccentColor;
				CODE_SIGN_ENTITLEMENTS = macOS/macOS.entitlements;
				CODE_SIGN_IDENTITY = "-";
				"CODE_SIGN_IDENTITY[sdk=macosx*]" = "-";
				CODE_SIGN_STYLE = Automatic;
				COMBINE_HIDPI_IMAGES = YES;
				CURRENT_PROJECT_VERSION = 1;
				DEAD_CODE_STRIPPING = YES;
				DEVELOPMENT_TEAM = "";
				ENABLE_HARDENED_RUNTIME = YES;
				ENABLE_PREVIEWS = YES;
				GENERATE_INFOPLIST_FILE = YES;
				INFOPLIST_KEY_NSHumanReadableCopyright = "";
				LD_RUNPATH_SEARCH_PATHS = (
					"$(inherited)",
					"@executable_path/../Frameworks",
				);
				MACOSX_DEPLOYMENT_TARGET = 12.3;
				MARKETING_VERSION = 1.0;
				PRODUCT_BUNDLE_IDENTIFIER = co.uk.johnpatrickmorgan.NavigationBackportApp;
				PRODUCT_NAME = NavigationBackportApp;
				SDKROOT = macosx;
				SWIFT_EMIT_LOC_STRINGS = YES;
				SWIFT_VERSION = 5.0;
			};
			name = Debug;
		};
		52925ECC28549A62001B9190 /* Release */ = {
			isa = XCBuildConfiguration;
			buildSettings = {
				ASSETCATALOG_COMPILER_APPICON_NAME = AppIcon;
				ASSETCATALOG_COMPILER_GLOBAL_ACCENT_COLOR_NAME = AccentColor;
				CODE_SIGN_ENTITLEMENTS = macOS/macOS.entitlements;
				CODE_SIGN_IDENTITY = "-";
				"CODE_SIGN_IDENTITY[sdk=macosx*]" = "-";
				CODE_SIGN_STYLE = Automatic;
				COMBINE_HIDPI_IMAGES = YES;
				CURRENT_PROJECT_VERSION = 1;
				DEAD_CODE_STRIPPING = YES;
				DEVELOPMENT_TEAM = "";
				ENABLE_HARDENED_RUNTIME = YES;
				ENABLE_PREVIEWS = YES;
				GENERATE_INFOPLIST_FILE = YES;
				INFOPLIST_KEY_NSHumanReadableCopyright = "";
				LD_RUNPATH_SEARCH_PATHS = (
					"$(inherited)",
					"@executable_path/../Frameworks",
				);
				MACOSX_DEPLOYMENT_TARGET = 12.3;
				MARKETING_VERSION = 1.0;
				PRODUCT_BUNDLE_IDENTIFIER = co.uk.johnpatrickmorgan.NavigationBackportApp;
				PRODUCT_NAME = NavigationBackportApp;
				SDKROOT = macosx;
				SWIFT_EMIT_LOC_STRINGS = YES;
				SWIFT_VERSION = 5.0;
			};
			name = Release;
		};
		529B5DCC2A40F340006C6779 /* Debug */ = {
			isa = XCBuildConfiguration;
			buildSettings = {
				ALWAYS_EMBED_SWIFT_STANDARD_LIBRARIES = YES;
				CLANG_CXX_LANGUAGE_STANDARD = "gnu++20";
				CODE_SIGN_STYLE = Automatic;
				CURRENT_PROJECT_VERSION = 1;
				INFOPLIST_KEY_CFBundleDisplayName = NavigationBackportWatchApp;
				MARKETING_VERSION = 1.0;
				PRODUCT_BUNDLE_IDENTIFIER = co.uk.johnpatrickmorgan.NavigationBackportWatchApp;
				PRODUCT_NAME = "$(TARGET_NAME)";
				SDKROOT = iphoneos;
				SWIFT_VERSION = 5.0;
			};
			name = Debug;
		};
		529B5DCD2A40F340006C6779 /* Release */ = {
			isa = XCBuildConfiguration;
			buildSettings = {
				ALWAYS_EMBED_SWIFT_STANDARD_LIBRARIES = YES;
				CLANG_CXX_LANGUAGE_STANDARD = "gnu++20";
				CODE_SIGN_STYLE = Automatic;
				CURRENT_PROJECT_VERSION = 1;
				INFOPLIST_KEY_CFBundleDisplayName = NavigationBackportWatchApp;
				MARKETING_VERSION = 1.0;
				PRODUCT_BUNDLE_IDENTIFIER = co.uk.johnpatrickmorgan.NavigationBackportWatchApp;
				PRODUCT_NAME = "$(TARGET_NAME)";
				SDKROOT = iphoneos;
				SWIFT_VERSION = 5.0;
				VALIDATE_PRODUCT = YES;
			};
			name = Release;
		};
		529B5DCF2A40F340006C6779 /* Debug */ = {
			isa = XCBuildConfiguration;
			buildSettings = {
				ASSETCATALOG_COMPILER_APPICON_NAME = AppIcon;
				ASSETCATALOG_COMPILER_GLOBAL_ACCENT_COLOR_NAME = AccentColor;
				CLANG_CXX_LANGUAGE_STANDARD = "gnu++20";
				CODE_SIGN_STYLE = Automatic;
				CURRENT_PROJECT_VERSION = 1;
				DEVELOPMENT_ASSET_PATHS = "\"NavigationBackportWatchApp Watch App/Preview Content\"";
				ENABLE_PREVIEWS = YES;
				GENERATE_INFOPLIST_FILE = YES;
				INFOPLIST_KEY_CFBundleDisplayName = NavigationBackportWatchApp;
				INFOPLIST_KEY_UISupportedInterfaceOrientations = "UIInterfaceOrientationPortrait UIInterfaceOrientationPortraitUpsideDown";
				INFOPLIST_KEY_WKWatchOnly = YES;
				LD_RUNPATH_SEARCH_PATHS = (
					"$(inherited)",
					"@executable_path/Frameworks",
				);
				MARKETING_VERSION = 1.0;
				PRODUCT_BUNDLE_IDENTIFIER = co.uk.johnpatrickmorgan.NavigationBackportWatchApp.watchkitapp;
				PRODUCT_NAME = "$(TARGET_NAME)";
				SDKROOT = watchos;
				SKIP_INSTALL = YES;
				SWIFT_EMIT_LOC_STRINGS = YES;
				SWIFT_VERSION = 5.0;
				TARGETED_DEVICE_FAMILY = 4;
				WATCHOS_DEPLOYMENT_TARGET = 9.4;
			};
			name = Debug;
		};
		529B5DD02A40F340006C6779 /* Release */ = {
			isa = XCBuildConfiguration;
			buildSettings = {
				ASSETCATALOG_COMPILER_APPICON_NAME = AppIcon;
				ASSETCATALOG_COMPILER_GLOBAL_ACCENT_COLOR_NAME = AccentColor;
				CLANG_CXX_LANGUAGE_STANDARD = "gnu++20";
				CODE_SIGN_STYLE = Automatic;
				CURRENT_PROJECT_VERSION = 1;
				DEVELOPMENT_ASSET_PATHS = "\"NavigationBackportWatchApp Watch App/Preview Content\"";
				ENABLE_PREVIEWS = YES;
				GENERATE_INFOPLIST_FILE = YES;
				INFOPLIST_KEY_CFBundleDisplayName = NavigationBackportWatchApp;
				INFOPLIST_KEY_UISupportedInterfaceOrientations = "UIInterfaceOrientationPortrait UIInterfaceOrientationPortraitUpsideDown";
				INFOPLIST_KEY_WKWatchOnly = YES;
				LD_RUNPATH_SEARCH_PATHS = (
					"$(inherited)",
					"@executable_path/Frameworks",
				);
				MARKETING_VERSION = 1.0;
				PRODUCT_BUNDLE_IDENTIFIER = co.uk.johnpatrickmorgan.NavigationBackportWatchApp.watchkitapp;
				PRODUCT_NAME = "$(TARGET_NAME)";
				SDKROOT = watchos;
				SKIP_INSTALL = YES;
				SWIFT_EMIT_LOC_STRINGS = YES;
				SWIFT_VERSION = 5.0;
				TARGETED_DEVICE_FAMILY = 4;
				VALIDATE_PRODUCT = YES;
				WATCHOS_DEPLOYMENT_TARGET = 9.4;
			};
			name = Release;
		};
		52B3F1672A01BE4200EC5EA9 /* Debug */ = {
			isa = XCBuildConfiguration;
			buildSettings = {
				CLANG_CXX_LANGUAGE_STANDARD = "gnu++20";
				CODE_SIGN_STYLE = Automatic;
				CURRENT_PROJECT_VERSION = 1;
				GENERATE_INFOPLIST_FILE = YES;
				IPHONEOS_DEPLOYMENT_TARGET = 14.0;
				MARKETING_VERSION = 1.0;
				PRODUCT_BUNDLE_IDENTIFIER = co.uk.johnpatrickmorgan.NavigationBackportUITests;
				PRODUCT_NAME = "$(TARGET_NAME)";
				SDKROOT = iphoneos;
				SWIFT_EMIT_LOC_STRINGS = NO;
				SWIFT_VERSION = 5.0;
				TARGETED_DEVICE_FAMILY = "1,2";
				TEST_TARGET_NAME = "NavigationBackportApp (iOS)";
			};
			name = Debug;
		};
		52B3F1682A01BE4200EC5EA9 /* Release */ = {
			isa = XCBuildConfiguration;
			buildSettings = {
				CLANG_CXX_LANGUAGE_STANDARD = "gnu++20";
				CODE_SIGN_STYLE = Automatic;
				CURRENT_PROJECT_VERSION = 1;
				GENERATE_INFOPLIST_FILE = YES;
				IPHONEOS_DEPLOYMENT_TARGET = 14.0;
				MARKETING_VERSION = 1.0;
				PRODUCT_BUNDLE_IDENTIFIER = co.uk.johnpatrickmorgan.NavigationBackportUITests;
				PRODUCT_NAME = "$(TARGET_NAME)";
				SDKROOT = iphoneos;
				SWIFT_EMIT_LOC_STRINGS = NO;
				SWIFT_VERSION = 5.0;
				TARGETED_DEVICE_FAMILY = "1,2";
				TEST_TARGET_NAME = "NavigationBackportApp (iOS)";
				VALIDATE_PRODUCT = YES;
			};
			name = Release;
		};
/* End XCBuildConfiguration section */

/* Begin XCConfigurationList section */
		52925EAD28549A60001B9190 /* Build configuration list for PBXProject "NavigationBackportApp" */ = {
			isa = XCConfigurationList;
			buildConfigurations = (
				52925EC528549A62001B9190 /* Debug */,
				52925EC628549A62001B9190 /* Release */,
			);
			defaultConfigurationIsVisible = 0;
			defaultConfigurationName = Release;
		};
		52925EC728549A62001B9190 /* Build configuration list for PBXNativeTarget "NavigationBackportApp (iOS)" */ = {
			isa = XCConfigurationList;
			buildConfigurations = (
				52925EC828549A62001B9190 /* Debug */,
				52925EC928549A62001B9190 /* Release */,
			);
			defaultConfigurationIsVisible = 0;
			defaultConfigurationName = Release;
		};
		52925ECA28549A62001B9190 /* Build configuration list for PBXNativeTarget "NavigationBackportApp (macOS)" */ = {
			isa = XCConfigurationList;
			buildConfigurations = (
				52925ECB28549A62001B9190 /* Debug */,
				52925ECC28549A62001B9190 /* Release */,
			);
			defaultConfigurationIsVisible = 0;
			defaultConfigurationName = Release;
		};
		529B5DD12A40F340006C6779 /* Build configuration list for PBXNativeTarget "NavigationBackportWatchApp Watch App" */ = {
			isa = XCConfigurationList;
			buildConfigurations = (
				529B5DCF2A40F340006C6779 /* Debug */,
				529B5DD02A40F340006C6779 /* Release */,
			);
			defaultConfigurationIsVisible = 0;
			defaultConfigurationName = Release;
		};
		529B5DD22A40F340006C6779 /* Build configuration list for PBXNativeTarget "NavigationBackportWatchApp" */ = {
			isa = XCConfigurationList;
			buildConfigurations = (
				529B5DCC2A40F340006C6779 /* Debug */,
				529B5DCD2A40F340006C6779 /* Release */,
			);
			defaultConfigurationIsVisible = 0;
			defaultConfigurationName = Release;
		};
		52B3F1692A01BE4200EC5EA9 /* Build configuration list for PBXNativeTarget "NavigationBackportUITests" */ = {
			isa = XCConfigurationList;
			buildConfigurations = (
				52B3F1672A01BE4200EC5EA9 /* Debug */,
				52B3F1682A01BE4200EC5EA9 /* Release */,
			);
			defaultConfigurationIsVisible = 0;
			defaultConfigurationName = Release;
		};
/* End XCConfigurationList section */

/* Begin XCSwiftPackageProductDependency section */
		5252ED4F2C510686004CB25A /* NavigationBackport */ = {
			isa = XCSwiftPackageProductDependency;
			productName = NavigationBackport;
		};
		529B5DD82A40F3BD006C6779 /* NavigationBackport */ = {
			isa = XCSwiftPackageProductDependency;
			productName = NavigationBackport;
		};
		52DD85F72895C984004B5344 /* NavigationBackport */ = {
			isa = XCSwiftPackageProductDependency;
			productName = NavigationBackport;
		};
/* End XCSwiftPackageProductDependency section */
	};
	rootObject = 52925EAA28549A60001B9190 /* Project object */;
}
