// !$*UTF8*$!
{
	archiveVersion = 1;
	classes = {
	};
	objectVersion = 55;
	objects = {

/* Begin PBXBuildFile section */
		52925EBF28549A62001B9190 /* NavigationBackportApp.swift in Sources */ = {isa = PBXBuildFile; fileRef = 52925EAF28549A60001B9190 /* NavigationBackportApp.swift */; };
		52925EC028549A62001B9190 /* NavigationBackportApp.swift in Sources */ = {isa = PBXBuildFile; fileRef = 52925EAF28549A60001B9190 /* NavigationBackportApp.swift */; };
		52925EC128549A62001B9190 /* ContentView.swift in Sources */ = {isa = PBXBuildFile; fileRef = 52925EB028549A60001B9190 /* ContentView.swift */; };
		52925EC228549A62001B9190 /* ContentView.swift in Sources */ = {isa = PBXBuildFile; fileRef = 52925EB028549A60001B9190 /* ContentView.swift */; };
		52925EC328549A62001B9190 /* Assets.xcassets in Resources */ = {isa = PBXBuildFile; fileRef = 52925EB128549A62001B9190 /* Assets.xcassets */; };
		52925EC428549A62001B9190 /* Assets.xcassets in Resources */ = {isa = PBXBuildFile; fileRef = 52925EB128549A62001B9190 /* Assets.xcassets */; };
		52925ECF28549A84001B9190 /* NavigationBackport in Frameworks */ = {isa = PBXBuildFile; productRef = 52925ECE28549A84001B9190 /* NavigationBackport */; };
		529673CE286BB44400C01BCF /* NBNavigationPathView.swift in Sources */ = {isa = PBXBuildFile; fileRef = 529673CD286BB44400C01BCF /* NBNavigationPathView.swift */; };
		529673CF286BB44400C01BCF /* NBNavigationPathView.swift in Sources */ = {isa = PBXBuildFile; fileRef = 529673CD286BB44400C01BCF /* NBNavigationPathView.swift */; };
		529673D1286BB50200C01BCF /* ArrayBindingView.swift in Sources */ = {isa = PBXBuildFile; fileRef = 529673D0286BB50200C01BCF /* ArrayBindingView.swift */; };
		529673D2286BB50200C01BCF /* ArrayBindingView.swift in Sources */ = {isa = PBXBuildFile; fileRef = 529673D0286BB50200C01BCF /* ArrayBindingView.swift */; };
		529673D4286BC48600C01BCF /* NoBindingView.swift in Sources */ = {isa = PBXBuildFile; fileRef = 529673D3286BC48600C01BCF /* NoBindingView.swift */; };
		529673D5286BC48600C01BCF /* NoBindingView.swift in Sources */ = {isa = PBXBuildFile; fileRef = 529673D3286BC48600C01BCF /* NoBindingView.swift */; };
		52DD85F82895C984004B5344 /* NavigationBackport in Frameworks */ = {isa = PBXBuildFile; productRef = 52DD85F72895C984004B5344 /* NavigationBackport */; };
/* End PBXBuildFile section */

/* Begin PBXFileReference section */
		52925EAF28549A60001B9190 /* NavigationBackportApp.swift */ = {isa = PBXFileReference; lastKnownFileType = sourcecode.swift; path = NavigationBackportApp.swift; sourceTree = "<group>"; };
		52925EB028549A60001B9190 /* ContentView.swift */ = {isa = PBXFileReference; lastKnownFileType = sourcecode.swift; path = ContentView.swift; sourceTree = "<group>"; };
		52925EB128549A62001B9190 /* Assets.xcassets */ = {isa = PBXFileReference; lastKnownFileType = folder.assetcatalog; path = Assets.xcassets; sourceTree = "<group>"; };
		52925EB628549A62001B9190 /* NavigationBackportApp.app */ = {isa = PBXFileReference; explicitFileType = wrapper.application; includeInIndex = 0; path = NavigationBackportApp.app; sourceTree = BUILT_PRODUCTS_DIR; };
		52925EBC28549A62001B9190 /* NavigationBackportApp.app */ = {isa = PBXFileReference; explicitFileType = wrapper.application; includeInIndex = 0; path = NavigationBackportApp.app; sourceTree = BUILT_PRODUCTS_DIR; };
		52925EBE28549A62001B9190 /* macOS.entitlements */ = {isa = PBXFileReference; lastKnownFileType = text.plist.entitlements; path = macOS.entitlements; sourceTree = "<group>"; };
		52925ED128549C15001B9190 /* NavigationBackport */ = {isa = PBXFileReference; lastKnownFileType = wrapper; name = NavigationBackport; path = ..; sourceTree = "<group>"; };
		529673CD286BB44400C01BCF /* NBNavigationPathView.swift */ = {isa = PBXFileReference; lastKnownFileType = sourcecode.swift; path = NBNavigationPathView.swift; sourceTree = "<group>"; };
		529673D0286BB50200C01BCF /* ArrayBindingView.swift */ = {isa = PBXFileReference; fileEncoding = 4; lastKnownFileType = sourcecode.swift; path = ArrayBindingView.swift; sourceTree = "<group>"; };
		529673D3286BC48600C01BCF /* NoBindingView.swift */ = {isa = PBXFileReference; fileEncoding = 4; lastKnownFileType = sourcecode.swift; path = NoBindingView.swift; sourceTree = "<group>"; };
/* End PBXFileReference section */

/* Begin PBXFrameworksBuildPhase section */
		52925EB328549A62001B9190 /* Frameworks */ = {
			isa = PBXFrameworksBuildPhase;
			buildActionMask = 2147483647;
			files = (
				52925ECF28549A84001B9190 /* NavigationBackport in Frameworks */,
			);
			runOnlyForDeploymentPostprocessing = 0;
		};
		52925EB928549A62001B9190 /* Frameworks */ = {
			isa = PBXFrameworksBuildPhase;
			buildActionMask = 2147483647;
			files = (
				52DD85F82895C984004B5344 /* NavigationBackport in Frameworks */,
			);
			runOnlyForDeploymentPostprocessing = 0;
		};
/* End PBXFrameworksBuildPhase section */

/* Begin PBXGroup section */
		52925EA928549A60001B9190 = {
			isa = PBXGroup;
			children = (
				52925ED028549C15001B9190 /* Packages */,
				52925EAE28549A60001B9190 /* Shared */,
				52925EBD28549A62001B9190 /* macOS */,
				52925EB728549A62001B9190 /* Products */,
				52DD85F62895C984004B5344 /* Frameworks */,
			);
			sourceTree = "<group>";
		};
		52925EAE28549A60001B9190 /* Shared */ = {
			isa = PBXGroup;
			children = (
				52925EAF28549A60001B9190 /* NavigationBackportApp.swift */,
				52925EB028549A60001B9190 /* ContentView.swift */,
				529673D0286BB50200C01BCF /* ArrayBindingView.swift */,
				529673D3286BC48600C01BCF /* NoBindingView.swift */,
				529673CD286BB44400C01BCF /* NBNavigationPathView.swift */,
				52925EB128549A62001B9190 /* Assets.xcassets */,
			);
			path = Shared;
			sourceTree = "<group>";
		};
		52925EB728549A62001B9190 /* Products */ = {
			isa = PBXGroup;
			children = (
				52925EB628549A62001B9190 /* NavigationBackportApp.app */,
				52925EBC28549A62001B9190 /* NavigationBackportApp.app */,
			);
			name = Products;
			sourceTree = "<group>";
		};
		52925EBD28549A62001B9190 /* macOS */ = {
			isa = PBXGroup;
			children = (
				52925EBE28549A62001B9190 /* macOS.entitlements */,
			);
			path = macOS;
			sourceTree = "<group>";
		};
		52925ED028549C15001B9190 /* Packages */ = {
			isa = PBXGroup;
			children = (
				52925ED128549C15001B9190 /* NavigationBackport */,
			);
			name = Packages;
			sourceTree = "<group>";
		};
		52DD85F62895C984004B5344 /* Frameworks */ = {
			isa = PBXGroup;
			children = (
			);
			name = Frameworks;
			sourceTree = "<group>";
		};
/* End PBXGroup section */

/* Begin PBXNativeTarget section */
		52925EB528549A62001B9190 /* NavigationBackportApp (iOS) */ = {
			isa = PBXNativeTarget;
			buildConfigurationList = 52925EC728549A62001B9190 /* Build configuration list for PBXNativeTarget "NavigationBackportApp (iOS)" */;
			buildPhases = (
				52925EB228549A62001B9190 /* Sources */,
				52925EB328549A62001B9190 /* Frameworks */,
				52925EB428549A62001B9190 /* Resources */,
			);
			buildRules = (
			);
			dependencies = (
			);
			name = "NavigationBackportApp (iOS)";
			packageProductDependencies = (
				52925ECE28549A84001B9190 /* NavigationBackport */,
			);
			productName = "NavigationBackportApp (iOS)";
			productReference = 52925EB628549A62001B9190 /* NavigationBackportApp.app */;
			productType = "com.apple.product-type.application";
		};
		52925EBB28549A62001B9190 /* NavigationBackportApp (macOS) */ = {
			isa = PBXNativeTarget;
			buildConfigurationList = 52925ECA28549A62001B9190 /* Build configuration list for PBXNativeTarget "NavigationBackportApp (macOS)" */;
			buildPhases = (
				52925EB828549A62001B9190 /* Sources */,
				52925EB928549A62001B9190 /* Frameworks */,
				52925EBA28549A62001B9190 /* Resources */,
			);
			buildRules = (
			);
			dependencies = (
			);
			name = "NavigationBackportApp (macOS)";
			packageProductDependencies = (
				52DD85F72895C984004B5344 /* NavigationBackport */,
			);
			productName = "NavigationBackportApp (macOS)";
			productReference = 52925EBC28549A62001B9190 /* NavigationBackportApp.app */;
			productType = "com.apple.product-type.application";
		};
/* End PBXNativeTarget section */

/* Begin PBXProject section */
		52925EAA28549A60001B9190 /* Project object */ = {
			isa = PBXProject;
			attributes = {
				BuildIndependentTargetsInParallel = 1;
				LastSwiftUpdateCheck = 1340;
				LastUpgradeCheck = 1340;
				TargetAttributes = {
					52925EB528549A62001B9190 = {
						CreatedOnToolsVersion = 13.4.1;
					};
					52925EBB28549A62001B9190 = {
						CreatedOnToolsVersion = 13.4.1;
					};
				};
			};
			buildConfigurationList = 52925EAD28549A60001B9190 /* Build configuration list for PBXProject "NavigationBackportApp" */;
			compatibilityVersion = "Xcode 13.0";
			developmentRegion = en;
			hasScannedForEncodings = 0;
			knownRegions = (
				en,
				Base,
			);
			mainGroup = 52925EA928549A60001B9190;
			packageReferences = (
				52925ECD28549A84001B9190 /* XCRemoteSwiftPackageReference "NavigationBackport" */,
			);
			productRefGroup = 52925EB728549A62001B9190 /* Products */;
			projectDirPath = "";
			projectRoot = "";
			targets = (
				52925EB528549A62001B9190 /* NavigationBackportApp (iOS) */,
				52925EBB28549A62001B9190 /* NavigationBackportApp (macOS) */,
			);
		};
/* End PBXProject section */

/* Begin PBXResourcesBuildPhase section */
		52925EB428549A62001B9190 /* Resources */ = {
			isa = PBXResourcesBuildPhase;
			buildActionMask = 2147483647;
			files = (
				52925EC328549A62001B9190 /* Assets.xcassets in Resources */,
			);
			runOnlyForDeploymentPostprocessing = 0;
		};
		52925EBA28549A62001B9190 /* Resources */ = {
			isa = PBXResourcesBuildPhase;
			buildActionMask = 2147483647;
			files = (
				52925EC428549A62001B9190 /* Assets.xcassets in Resources */,
			);
			runOnlyForDeploymentPostprocessing = 0;
		};
/* End PBXResourcesBuildPhase section */

/* Begin PBXSourcesBuildPhase section */
		52925EB228549A62001B9190 /* Sources */ = {
			isa = PBXSourcesBuildPhase;
			buildActionMask = 2147483647;
			files = (
				529673CE286BB44400C01BCF /* NBNavigationPathView.swift in Sources */,
				529673D1286BB50200C01BCF /* ArrayBindingView.swift in Sources */,
				529673D4286BC48600C01BCF /* NoBindingView.swift in Sources */,
				52925EC128549A62001B9190 /* ContentView.swift in Sources */,
				52925EBF28549A62001B9190 /* NavigationBackportApp.swift in Sources */,
			);
			runOnlyForDeploymentPostprocessing = 0;
		};
		52925EB828549A62001B9190 /* Sources */ = {
			isa = PBXSourcesBuildPhase;
			buildActionMask = 2147483647;
			files = (
				529673CF286BB44400C01BCF /* NBNavigationPathView.swift in Sources */,
				529673D2286BB50200C01BCF /* ArrayBindingView.swift in Sources */,
				529673D5286BC48600C01BCF /* NoBindingView.swift in Sources */,
				52925EC228549A62001B9190 /* ContentView.swift in Sources */,
				52925EC028549A62001B9190 /* NavigationBackportApp.swift in Sources */,
			);
			runOnlyForDeploymentPostprocessing = 0;
		};
/* End PBXSourcesBuildPhase section */

/* Begin XCBuildConfiguration section */
		52925EC528549A62001B9190 /* Debug */ = {
			isa = XCBuildConfiguration;
			buildSettings = {
				ALWAYS_SEARCH_USER_PATHS = NO;
				CLANG_ANALYZER_NONNULL = YES;
				CLANG_ANALYZER_NUMBER_OBJECT_CONVERSION = YES_AGGRESSIVE;
				CLANG_CXX_LANGUAGE_STANDARD = "gnu++17";
				CLANG_ENABLE_MODULES = YES;
				CLANG_ENABLE_OBJC_ARC = YES;
				CLANG_ENABLE_OBJC_WEAK = YES;
				CLANG_WARN_BLOCK_CAPTURE_AUTORELEASING = YES;
				CLANG_WARN_BOOL_CONVERSION = YES;
				CLANG_WARN_COMMA = YES;
				CLANG_WARN_CONSTANT_CONVERSION = YES;
				CLANG_WARN_DEPRECATED_OBJC_IMPLEMENTATIONS = YES;
				CLANG_WARN_DIRECT_OBJC_ISA_USAGE = YES_ERROR;
				CLANG_WARN_DOCUMENTATION_COMMENTS = YES;
				CLANG_WARN_EMPTY_BODY = YES;
				CLANG_WARN_ENUM_CONVERSION = YES;
				CLANG_WARN_INFINITE_RECURSION = YES;
				CLANG_WARN_INT_CONVERSION = YES;
				CLANG_WARN_NON_LITERAL_NULL_CONVERSION = YES;
				CLANG_WARN_OBJC_IMPLICIT_RETAIN_SELF = YES;
				CLANG_WARN_OBJC_LITERAL_CONVERSION = YES;
				CLANG_WARN_OBJC_ROOT_CLASS = YES_ERROR;
				CLANG_WARN_QUOTED_INCLUDE_IN_FRAMEWORK_HEADER = YES;
				CLANG_WARN_RANGE_LOOP_ANALYSIS = YES;
				CLANG_WARN_STRICT_PROTOTYPES = YES;
				CLANG_WARN_SUSPICIOUS_MOVE = YES;
				CLANG_WARN_UNGUARDED_AVAILABILITY = YES_AGGRESSIVE;
				CLANG_WARN_UNREACHABLE_CODE = YES;
				CLANG_WARN__DUPLICATE_METHOD_MATCH = YES;
				COPY_PHASE_STRIP = NO;
				DEBUG_INFORMATION_FORMAT = dwarf;
				ENABLE_STRICT_OBJC_MSGSEND = YES;
				ENABLE_TESTABILITY = YES;
				GCC_C_LANGUAGE_STANDARD = gnu11;
				GCC_DYNAMIC_NO_PIC = NO;
				GCC_NO_COMMON_BLOCKS = YES;
				GCC_OPTIMIZATION_LEVEL = 0;
				GCC_PREPROCESSOR_DEFINITIONS = (
					"DEBUG=1",
					"$(inherited)",
				);
				GCC_WARN_64_TO_32_BIT_CONVERSION = YES;
				GCC_WARN_ABOUT_RETURN_TYPE = YES_ERROR;
				GCC_WARN_UNDECLARED_SELECTOR = YES;
				GCC_WARN_UNINITIALIZED_AUTOS = YES_AGGRESSIVE;
				GCC_WARN_UNUSED_FUNCTION = YES;
				GCC_WARN_UNUSED_VARIABLE = YES;
				IPHONEOS_DEPLOYMENT_TARGET = 14.0;
				MTL_ENABLE_DEBUG_INFO = INCLUDE_SOURCE;
				MTL_FAST_MATH = YES;
				ONLY_ACTIVE_ARCH = YES;
				SWIFT_ACTIVE_COMPILATION_CONDITIONS = DEBUG;
				SWIFT_OPTIMIZATION_LEVEL = "-Onone";
			};
			name = Debug;
		};
		52925EC628549A62001B9190 /* Release */ = {
			isa = XCBuildConfiguration;
			buildSettings = {
				ALWAYS_SEARCH_USER_PATHS = NO;
				CLANG_ANALYZER_NONNULL = YES;
				CLANG_ANALYZER_NUMBER_OBJECT_CONVERSION = YES_AGGRESSIVE;
				CLANG_CXX_LANGUAGE_STANDARD = "gnu++17";
				CLANG_ENABLE_MODULES = YES;
				CLANG_ENABLE_OBJC_ARC = YES;
				CLANG_ENABLE_OBJC_WEAK = YES;
				CLANG_WARN_BLOCK_CAPTURE_AUTORELEASING = YES;
				CLANG_WARN_BOOL_CONVERSION = YES;
				CLANG_WARN_COMMA = YES;
				CLANG_WARN_CONSTANT_CONVERSION = YES;
				CLANG_WARN_DEPRECATED_OBJC_IMPLEMENTATIONS = YES;
				CLANG_WARN_DIRECT_OBJC_ISA_USAGE = YES_ERROR;
				CLANG_WARN_DOCUMENTATION_COMMENTS = YES;
				CLANG_WARN_EMPTY_BODY = YES;
				CLANG_WARN_ENUM_CONVERSION = YES;
				CLANG_WARN_INFINITE_RECURSION = YES;
				CLANG_WARN_INT_CONVERSION = YES;
				CLANG_WARN_NON_LITERAL_NULL_CONVERSION = YES;
				CLANG_WARN_OBJC_IMPLICIT_RETAIN_SELF = YES;
				CLANG_WARN_OBJC_LITERAL_CONVERSION = YES;
				CLANG_WARN_OBJC_ROOT_CLASS = YES_ERROR;
				CLANG_WARN_QUOTED_INCLUDE_IN_FRAMEWORK_HEADER = YES;
				CLANG_WARN_RANGE_LOOP_ANALYSIS = YES;
				CLANG_WARN_STRICT_PROTOTYPES = YES;
				CLANG_WARN_SUSPICIOUS_MOVE = YES;
				CLANG_WARN_UNGUARDED_AVAILABILITY = YES_AGGRESSIVE;
				CLANG_WARN_UNREACHABLE_CODE = YES;
				CLANG_WARN__DUPLICATE_METHOD_MATCH = YES;
				COPY_PHASE_STRIP = NO;
				DEBUG_INFORMATION_FORMAT = "dwarf-with-dsym";
				ENABLE_NS_ASSERTIONS = NO;
				ENABLE_STRICT_OBJC_MSGSEND = YES;
				GCC_C_LANGUAGE_STANDARD = gnu11;
				GCC_NO_COMMON_BLOCKS = YES;
				GCC_WARN_64_TO_32_BIT_CONVERSION = YES;
				GCC_WARN_ABOUT_RETURN_TYPE = YES_ERROR;
				GCC_WARN_UNDECLARED_SELECTOR = YES;
				GCC_WARN_UNINITIALIZED_AUTOS = YES_AGGRESSIVE;
				GCC_WARN_UNUSED_FUNCTION = YES;
				GCC_WARN_UNUSED_VARIABLE = YES;
				IPHONEOS_DEPLOYMENT_TARGET = 14.0;
				MTL_ENABLE_DEBUG_INFO = NO;
				MTL_FAST_MATH = YES;
				SWIFT_COMPILATION_MODE = wholemodule;
				SWIFT_OPTIMIZATION_LEVEL = "-O";
			};
			name = Release;
		};
		52925EC828549A62001B9190 /* Debug */ = {
			isa = XCBuildConfiguration;
			buildSettings = {
				ASSETCATALOG_COMPILER_APPICON_NAME = AppIcon;
				ASSETCATALOG_COMPILER_GLOBAL_ACCENT_COLOR_NAME = AccentColor;
				CODE_SIGN_STYLE = Automatic;
				CURRENT_PROJECT_VERSION = 1;
				DEVELOPMENT_TEAM = "";
				ENABLE_PREVIEWS = YES;
				GENERATE_INFOPLIST_FILE = YES;
				INFOPLIST_KEY_UIApplicationSceneManifest_Generation = YES;
				INFOPLIST_KEY_UIApplicationSupportsIndirectInputEvents = YES;
				INFOPLIST_KEY_UILaunchScreen_Generation = YES;
				INFOPLIST_KEY_UISupportedInterfaceOrientations_iPad = "UIInterfaceOrientationPortrait UIInterfaceOrientationPortraitUpsideDown UIInterfaceOrientationLandscapeLeft UIInterfaceOrientationLandscapeRight";
				INFOPLIST_KEY_UISupportedInterfaceOrientations_iPhone = "UIInterfaceOrientationPortrait UIInterfaceOrientationLandscapeLeft UIInterfaceOrientationLandscapeRight";
				IPHONEOS_DEPLOYMENT_TARGET = 14.0;
				LD_RUNPATH_SEARCH_PATHS = (
					"$(inherited)",
					"@executable_path/Frameworks",
				);
				MARKETING_VERSION = 1.0;
				PRODUCT_BUNDLE_IDENTIFIER = co.uk.johnpatrickmorgan.NavigationBackportApp;
				PRODUCT_NAME = NavigationBackportApp;
				SDKROOT = iphoneos;
				SWIFT_EMIT_LOC_STRINGS = YES;
				SWIFT_VERSION = 5.0;
				TARGETED_DEVICE_FAMILY = "1,2";
			};
			name = Debug;
		};
		52925EC928549A62001B9190 /* Release */ = {
			isa = XCBuildConfiguration;
			buildSettings = {
				ASSETCATALOG_COMPILER_APPICON_NAME = AppIcon;
				ASSETCATALOG_COMPILER_GLOBAL_ACCENT_COLOR_NAME = AccentColor;
				CODE_SIGN_STYLE = Automatic;
				CURRENT_PROJECT_VERSION = 1;
				DEVELOPMENT_TEAM = "";
				ENABLE_PREVIEWS = YES;
				GENERATE_INFOPLIST_FILE = YES;
				INFOPLIST_KEY_UIApplicationSceneManifest_Generation = YES;
				INFOPLIST_KEY_UIApplicationSupportsIndirectInputEvents = YES;
				INFOPLIST_KEY_UILaunchScreen_Generation = YES;
				INFOPLIST_KEY_UISupportedInterfaceOrientations_iPad = "UIInterfaceOrientationPortrait UIInterfaceOrientationPortraitUpsideDown UIInterfaceOrientationLandscapeLeft UIInterfaceOrientationLandscapeRight";
				INFOPLIST_KEY_UISupportedInterfaceOrientations_iPhone = "UIInterfaceOrientationPortrait UIInterfaceOrientationLandscapeLeft UIInterfaceOrientationLandscapeRight";
				IPHONEOS_DEPLOYMENT_TARGET = 14.0;
				LD_RUNPATH_SEARCH_PATHS = (
					"$(inherited)",
					"@executable_path/Frameworks",
				);
				MARKETING_VERSION = 1.0;
				PRODUCT_BUNDLE_IDENTIFIER = co.uk.johnpatrickmorgan.NavigationBackportApp;
				PRODUCT_NAME = NavigationBackportApp;
				SDKROOT = iphoneos;
				SWIFT_EMIT_LOC_STRINGS = YES;
				SWIFT_VERSION = 5.0;
				TARGETED_DEVICE_FAMILY = "1,2";
				VALIDATE_PRODUCT = YES;
			};
			name = Release;
		};
		52925ECB28549A62001B9190 /* Debug */ = {
			isa = XCBuildConfiguration;
			buildSettings = {
				ASSETCATALOG_COMPILER_APPICON_NAME = AppIcon;
				ASSETCATALOG_COMPILER_GLOBAL_ACCENT_COLOR_NAME = AccentColor;
				CODE_SIGN_ENTITLEMENTS = macOS/macOS.entitlements;
				"CODE_SIGN_IDENTITY[sdk=macosx*]" = "-";
				CODE_SIGN_STYLE = Automatic;
				COMBINE_HIDPI_IMAGES = YES;
				CURRENT_PROJECT_VERSION = 1;
				DEVELOPMENT_TEAM = "";
				ENABLE_HARDENED_RUNTIME = YES;
				ENABLE_PREVIEWS = YES;
				GENERATE_INFOPLIST_FILE = YES;
				INFOPLIST_KEY_NSHumanReadableCopyright = "";
				LD_RUNPATH_SEARCH_PATHS = (
					"$(inherited)",
					"@executable_path/../Frameworks",
				);
				MACOSX_DEPLOYMENT_TARGET = 12.3;
				MARKETING_VERSION = 1.0;
				PRODUCT_BUNDLE_IDENTIFIER = co.uk.johnpatrickmorgan.NavigationBackportApp;
				PRODUCT_NAME = NavigationBackportApp;
				SDKROOT = macosx;
				SWIFT_EMIT_LOC_STRINGS = YES;
				SWIFT_VERSION = 5.0;
			};
			name = Debug;
		};
		52925ECC28549A62001B9190 /* Release */ = {
			isa = XCBuildConfiguration;
			buildSettings = {
				ASSETCATALOG_COMPILER_APPICON_NAME = AppIcon;
				ASSETCATALOG_COMPILER_GLOBAL_ACCENT_COLOR_NAME = AccentColor;
				CODE_SIGN_ENTITLEMENTS = macOS/macOS.entitlements;
				"CODE_SIGN_IDENTITY[sdk=macosx*]" = "-";
				CODE_SIGN_STYLE = Automatic;
				COMBINE_HIDPI_IMAGES = YES;
				CURRENT_PROJECT_VERSION = 1;
				DEVELOPMENT_TEAM = "";
				ENABLE_HARDENED_RUNTIME = YES;
				ENABLE_PREVIEWS = YES;
				GENERATE_INFOPLIST_FILE = YES;
				INFOPLIST_KEY_NSHumanReadableCopyright = "";
				LD_RUNPATH_SEARCH_PATHS = (
					"$(inherited)",
					"@executable_path/../Frameworks",
				);
				MACOSX_DEPLOYMENT_TARGET = 12.3;
				MARKETING_VERSION = 1.0;
				PRODUCT_BUNDLE_IDENTIFIER = co.uk.johnpatrickmorgan.NavigationBackportApp;
				PRODUCT_NAME = NavigationBackportApp;
				SDKROOT = macosx;
				SWIFT_EMIT_LOC_STRINGS = YES;
				SWIFT_VERSION = 5.0;
			};
			name = Release;
		};
/* End XCBuildConfiguration section */

/* Begin XCConfigurationList section */
		52925EAD28549A60001B9190 /* Build configuration list for PBXProject "NavigationBackportApp" */ = {
			isa = XCConfigurationList;
			buildConfigurations = (
				52925EC528549A62001B9190 /* Debug */,
				52925EC628549A62001B9190 /* Release */,
			);
			defaultConfigurationIsVisible = 0;
			defaultConfigurationName = Release;
		};
		52925EC728549A62001B9190 /* Build configuration list for PBXNativeTarget "NavigationBackportApp (iOS)" */ = {
			isa = XCConfigurationList;
			buildConfigurations = (
				52925EC828549A62001B9190 /* Debug */,
				52925EC928549A62001B9190 /* Release */,
			);
			defaultConfigurationIsVisible = 0;
			defaultConfigurationName = Release;
		};
		52925ECA28549A62001B9190 /* Build configuration list for PBXNativeTarget "NavigationBackportApp (macOS)" */ = {
			isa = XCConfigurationList;
			buildConfigurations = (
				52925ECB28549A62001B9190 /* Debug */,
				52925ECC28549A62001B9190 /* Release */,
			);
			defaultConfigurationIsVisible = 0;
			defaultConfigurationName = Release;
		};
/* End XCConfigurationList section */

/* Begin XCRemoteSwiftPackageReference section */
		52925ECD28549A84001B9190 /* XCRemoteSwiftPackageReference "NavigationBackport" */ = {
			isa = XCRemoteSwiftPackageReference;
			repositoryURL = "https://github.com/johnpatrickmorgan/NavigationBackport";
			requirement = {
				branch = main;
				kind = branch;
			};
		};
/* End XCRemoteSwiftPackageReference section */

/* Begin XCSwiftPackageProductDependency section */
		52925ECE28549A84001B9190 /* NavigationBackport */ = {
			isa = XCSwiftPackageProductDependency;
			package = 52925ECD28549A84001B9190 /* XCRemoteSwiftPackageReference "NavigationBackport" */;
			productName = NavigationBackport;
		};
		52DD85F72895C984004B5344 /* NavigationBackport */ = {
			isa = XCSwiftPackageProductDependency;
			productName = NavigationBackport;
		};
/* End XCSwiftPackageProductDependency section */
	};
	rootObject = 52925EAA28549A60001B9190 /* Project object */;
}
